
Microsoft Visual Studio Solution File, Format Version 12.00
# Visual Studio Version 17
VisualStudioVersion = 17.3.32901.215
MinimumVisualStudioVersion = 10.0.40219.1
Project("{9A19103F-16F7-4668-BE54-9A1E7A4F7556}") = "BankClient", "BankClient\BankClient.csproj", "{877D1769-0CC0-4973-96DF-4D1C351FDFC9}"
EndProject
Project("{9A19103F-16F7-4668-BE54-9A1E7A4F7556}") = "BoneyServer", "BoneyServer\BoneyServer.csproj", "{39052810-87E6-4E13-8C67-94D09B73B6F2}"
EndProject
Project("{9A19103F-16F7-4668-BE54-9A1E7A4F7556}") = "PuppetMaster", "PuppetMaster\PuppetMaster.csproj", "{1A808F83-84E3-4444-8CDA-93384A038FC1}"
	ProjectSection(ProjectDependencies) = postProject
		{39052810-87E6-4E13-8C67-94D09B73B6F2} = {39052810-87E6-4E13-8C67-94D09B73B6F2}
		{877D1769-0CC0-4973-96DF-4D1C351FDFC9} = {877D1769-0CC0-4973-96DF-4D1C351FDFC9}
		{C78AAF93-E1A4-41E1-86F8-458C6B38940C} = {C78AAF93-E1A4-41E1-86F8-458C6B38940C}
	EndProjectSection
EndProject
Project("{9A19103F-16F7-4668-BE54-9A1E7A4F7556}") = "BankServer", "BankServer\BankServer.csproj", "{C78AAF93-E1A4-41E1-86F8-458C6B38940C}"
EndProject
Project("{2150E333-8FDC-42A3-9474-1A3956D46DE8}") = "Solution Items", "Solution Items", "{2EFBE7D6-CACD-4EED-94C6-78A96A5FA000}"
	ProjectSection(SolutionItems) = preProject
		ConfigurationFile.txt = ConfigurationFile.txt
		ClientInstructions.txt = ClientInstructions.txt
	EndProjectSection
EndProject
Global
	GlobalSection(SolutionConfigurationPlatforms) = preSolution
		Debug|Any CPU = Debug|Any CPU
		Release|Any CPU = Release|Any CPU
	EndGlobalSection
	GlobalSection(ProjectConfigurationPlatforms) = postSolution
		{877D1769-0CC0-4973-96DF-4D1C351FDFC9}.Debug|Any CPU.ActiveCfg = Debug|Any CPU
		{877D1769-0CC0-4973-96DF-4D1C351FDFC9}.Debug|Any CPU.Build.0 = Debug|Any CPU
		{877D1769-0CC0-4973-96DF-4D1C351FDFC9}.Release|Any CPU.ActiveCfg = Release|Any CPU
		{877D1769-0CC0-4973-96DF-4D1C351FDFC9}.Release|Any CPU.Build.0 = Release|Any CPU
		{39052810-87E6-4E13-8C67-94D09B73B6F2}.Debug|Any CPU.ActiveCfg = Debug|Any CPU
		{39052810-87E6-4E13-8C67-94D09B73B6F2}.Debug|Any CPU.Build.0 = Debug|Any CPU
		{39052810-87E6-4E13-8C67-94D09B73B6F2}.Release|Any CPU.ActiveCfg = Release|Any CPU
		{39052810-87E6-4E13-8C67-94D09B73B6F2}.Release|Any CPU.Build.0 = Release|Any CPU
		{1A808F83-84E3-4444-8CDA-93384A038FC1}.Debug|Any CPU.ActiveCfg = Debug|Any CPU
		{1A808F83-84E3-4444-8CDA-93384A038FC1}.Debug|Any CPU.Build.0 = Debug|Any CPU
		{1A808F83-84E3-4444-8CDA-93384A038FC1}.Release|Any CPU.ActiveCfg = Release|Any CPU
		{1A808F83-84E3-4444-8CDA-93384A038FC1}.Release|Any CPU.Build.0 = Release|Any CPU
		{C78AAF93-E1A4-41E1-86F8-458C6B38940C}.Debug|Any CPU.ActiveCfg = Debug|Any CPU
		{C78AAF93-E1A4-41E1-86F8-458C6B38940C}.Debug|Any CPU.Build.0 = Debug|Any CPU
		{C78AAF93-E1A4-41E1-86F8-458C6B38940C}.Release|Any CPU.ActiveCfg = Release|Any CPU
		{C78AAF93-E1A4-41E1-86F8-458C6B38940C}.Release|Any CPU.Build.0 = Release|Any CPU
	EndGlobalSection
	GlobalSection(SolutionProperties) = preSolution
		HideSolutionNode = FALSE
	EndGlobalSection
	GlobalSection(ExtensibilityGlobals) = postSolution
		SolutionGuid = {5E5F79B2-A0B0-4222-8F15-D23CC11EA664}
	EndGlobalSection
EndGlobal
